
Microsoft Visual Studio Solution File, Format Version 12.00
# Visual Studio Version 17
VisualStudioVersion = 17.14.36119.2
MinimumVisualStudioVersion = 10.0.40219.1
Project("{FAE04EC0-301F-11D3-BF4B-00C04F79EFBC}") = "FrameworkTests", "FrameworkTests\FrameworkTests.csproj", "{AD23A8C7-EFB0-AC3A-75F4-1B04C1CC6E7B}"
EndProject
Project("{FAE04EC0-301F-11D3-BF4B-00C04F79EFBC}") = "UnitTests", "UnitTests\UnitTests.csproj", "{C74A4CDB-DFB8-3FB2-074A-3D1C7649C82C}"
EndProject
Project("{FAE04EC0-301F-11D3-BF4B-00C04F79EFBC}") = "AutomationFramework", "AutomationFrameworks\AutomationFramework.csproj", "{C28BF218-B677-C3CA-3963-2A17342FFDAF}"
EndProject
Global
	GlobalSection(SolutionConfigurationPlatforms) = preSolution
		Debug|Any CPU = Debug|Any CPU
		Release|Any CPU = Release|Any CPU
	EndGlobalSection
	GlobalSection(ProjectConfigurationPlatforms) = postSolution
		{AD23A8C7-EFB0-AC3A-75F4-1B04C1CC6E7B}.Debug|Any CPU.ActiveCfg = Debug|Any CPU
		{AD23A8C7-EFB0-AC3A-75F4-1B04C1CC6E7B}.Debug|Any CPU.Build.0 = Debug|Any CPU
		{AD23A8C7-EFB0-AC3A-75F4-1B04C1CC6E7B}.Release|Any CPU.ActiveCfg = Release|Any CPU
		{AD23A8C7-EFB0-AC3A-75F4-1B04C1CC6E7B}.Release|Any CPU.Build.0 = Release|Any CPU
		{C74A4CDB-DFB8-3FB2-074A-3D1C7649C82C}.Debug|Any CPU.ActiveCfg = Debug|Any CPU
		{C74A4CDB-DFB8-3FB2-074A-3D1C7649C82C}.Debug|Any CPU.Build.0 = Debug|Any CPU
		{C74A4CDB-DFB8-3FB2-074A-3D1C7649C82C}.Release|Any CPU.ActiveCfg = Release|Any CPU
		{C74A4CDB-DFB8-3FB2-074A-3D1C7649C82C}.Release|Any CPU.Build.0 = Release|Any CPU
		{C28BF218-B677-C3CA-3963-2A17342FFDAF}.Debug|Any CPU.ActiveCfg = Debug|Any CPU
		{C28BF218-B677-C3CA-3963-2A17342FFDAF}.Debug|Any CPU.Build.0 = Debug|Any CPU
		{C28BF218-B677-C3CA-3963-2A17342FFDAF}.Release|Any CPU.ActiveCfg = Release|Any CPU
		{C28BF218-B677-C3CA-3963-2A17342FFDAF}.Release|Any CPU.Build.0 = Release|Any CPU
	EndGlobalSection
	GlobalSection(SolutionProperties) = preSolution
		HideSolutionNode = FALSE
	EndGlobalSection
	GlobalSection(ExtensibilityGlobals) = postSolution
		SolutionGuid = {6DC1DA9A-AB2F-49C9-93F6-F9797E3B8E02}
	EndGlobalSection
EndGlobal
